<?xml version="1.0" encoding="utf-8"?>
<Project ToolsVersion="4.0" xmlns="http://schemas.microsoft.com/developer/msbuild/2003">
  <ItemGroup>
    <Filter Include="Исходные файлы">
      <UniqueIdentifier>{4FC737F1-C7A5-4376-A066-2A32D752A2FF}</UniqueIdentifier>
      <Extensions>cpp;c;cc;cxx;def;odl;idl;hpj;bat;asm;asmx</Extensions>
    </Filter>
    <Filter Include="Файлы заголовков">
      <UniqueIdentifier>{93995380-89BD-4b04-88EB-625FBE52EBFB}</UniqueIdentifier>
      <Extensions>h;hh;hpp;hxx;hm;inl;inc;xsd</Extensions>
    </Filter>
    <Filter Include="Файлы ресурсов">
      <UniqueIdentifier>{67DA6AB6-F800-4c08-8B7A-83BB121AAD01}</UniqueIdentifier>
      <Extensions>rc;ico;cur;bmp;dlg;rc2;rct;bin;rgs;gif;jpg;jpeg;jpe;resx;tiff;tif;png;wav;mfcribbon-ms</Extensions>
    </Filter>
    <Filter Include="Файлы заголовков\GameObj">
      <UniqueIdentifier>{1a6e2162-d860-46d3-996e-756bfb074445}</UniqueIdentifier>
    </Filter>
    <Filter Include="Исходные файлы\GameObj">
      <UniqueIdentifier>{365c5857-4084-48b4-bb37-d19058c7eae1}</UniqueIdentifier>
    </Filter>
    <Filter Include="Файлы заголовков\DestructObj">
      <UniqueIdentifier>{0dbe51e0-d529-440a-8532-20cbf5a43ad3}</UniqueIdentifier>
    </Filter>
    <Filter Include="Исходные файлы\DestructObj">
      <UniqueIdentifier>{022790ff-4838-4567-b443-2dd9b2481542}</UniqueIdentifier>
    </Filter>
    <Filter Include="Файлы заголовков\Border">
      <UniqueIdentifier>{642bdf8a-73d7-43ba-b39d-d5e1089ed260}</UniqueIdentifier>
    </Filter>
    <Filter Include="Исходные файлы\Border">
      <UniqueIdentifier>{603e617a-64eb-4e1e-a0d5-80e278fd5a79}</UniqueIdentifier>
    </Filter>
    <Filter Include="Файлы заголовков\Gold">
      <UniqueIdentifier>{728fb259-9b15-4711-822a-800ee36b0ac4}</UniqueIdentifier>
    </Filter>
    <Filter Include="Исходные файлы\Gold">
      <UniqueIdentifier>{09caed47-8d88-492b-ac76-3cf24fa53b99}</UniqueIdentifier>
    </Filter>
    <Filter Include="Файлы заголовков\Wall">
      <UniqueIdentifier>{7c70bf31-3d2a-4dee-83bd-389d57de5dba}</UniqueIdentifier>
    </Filter>
    <Filter Include="Исходные файлы\Wall">
      <UniqueIdentifier>{202a4c33-e370-4c33-8023-79d106334ad5}</UniqueIdentifier>
    </Filter>
    <Filter Include="Файлы заголовков\Area">
      <UniqueIdentifier>{d2112494-ad0c-4ca7-b614-da26f9fa6974}</UniqueIdentifier>
    </Filter>
    <Filter Include="Исходные файлы\Area">
      <UniqueIdentifier>{2b477ae1-8a68-4acf-83e4-9ab7d2c2a4bb}</UniqueIdentifier>
    </Filter>
    <Filter Include="Файлы заголовков\MoveObj">
      <UniqueIdentifier>{9c71f7a8-a7c2-4d33-a6c8-57500fecd91f}</UniqueIdentifier>
    </Filter>
    <Filter Include="Исходные файлы\MoveObj">
      <UniqueIdentifier>{1bf6d44e-f824-428c-a1bc-fe05c84a3717}</UniqueIdentifier>
    </Filter>
    <Filter Include="Файлы заголовков\Tank">
      <UniqueIdentifier>{1737ec71-fef4-42c2-a6b8-0a4af6d0d557}</UniqueIdentifier>
    </Filter>
    <Filter Include="Исходные файлы\Tank">
      <UniqueIdentifier>{61b10fb6-ecc3-4b2f-9027-989fe86144df}</UniqueIdentifier>
    </Filter>
    <Filter Include="Файлы заголовков\Bullet">
      <UniqueIdentifier>{49a0b005-c88a-4199-8a7e-a75b2f248fe4}</UniqueIdentifier>
    </Filter>
    <Filter Include="Исходные файлы\Bullet">
      <UniqueIdentifier>{b39bf5ae-1b22-4f3d-98ec-7dacfbf8ca0e}</UniqueIdentifier>
    </Filter>
  </ItemGroup>
  <ItemGroup>
    <ClInclude Include="GameObj.h">
      <Filter>Файлы заголовков\GameObj</Filter>
    </ClInclude>
    <ClInclude Include="DestructObj.h">
      <Filter>Файлы заголовков\DestructObj</Filter>
    </ClInclude>
    <ClInclude Include="Border.h">
      <Filter>Файлы заголовков\Border</Filter>
    </ClInclude>
    <ClInclude Include="Gold.h">
      <Filter>Файлы заголовков\Gold</Filter>
    </ClInclude>
    <ClInclude Include="Wall.h">
      <Filter>Файлы заголовков\Wall</Filter>
    </ClInclude>
    <ClInclude Include="Area.h">
      <Filter>Файлы заголовков\Area</Filter>
    </ClInclude>
    <ClInclude Include="MoveObj.h">
      <Filter>Файлы заголовков\MoveObj</Filter>
    </ClInclude>
    <ClInclude Include="Tank.h">
      <Filter>Файлы заголовков\Tank</Filter>
    </ClInclude>
    <ClInclude Include="Bullet.h">
      <Filter>Файлы заголовков\Bullet</Filter>
    </ClInclude>
  </ItemGroup>
  <ItemGroup>
    <ClCompile Include="GameObj.cpp">
      <Filter>Исходные файлы\GameObj</Filter>
    </ClCompile>
    <ClCompile Include="DestructObj.cpp">
      <Filter>Исходные файлы\DestructObj</Filter>
    </ClCompile>
    <ClCompile Include="Border.cpp">
      <Filter>Исходные файлы\Border</Filter>
    </ClCompile>
    <ClCompile Include="Gold.cpp">
      <Filter>Исходные файлы\Gold</Filter>
    </ClCompile>
    <ClCompile Include="Wall.cpp">
      <Filter>Исходные файлы\Wall</Filter>
    </ClCompile>
    <ClCompile Include="Area.cpp">
      <Filter>Исходные файлы\Area</Filter>
    </ClCompile>
    <ClCompile Include="MoveObj.cpp">
      <Filter>Исходные файлы\MoveObj</Filter>
    </ClCompile>
    <ClCompile Include="Tank.cpp">
      <Filter>Исходные файлы\Tank</Filter>
    </ClCompile>
    <ClCompile Include="Bullet.cpp">
      <Filter>Исходные файлы\Bullet</Filter>
    </ClCompile>
  </ItemGroup>
</Project>